symfony v2.0.12
twig v1.6.0
monolog 1.0.2
doctrine-common 2.2.1
doctrine-dbal 2.2.1
doctrine 2.2.1
swiftmailer v4.1.5
assetic v1.0.2
twig-extensions 446d870272cd87a720e95242eade38a2acf56eaa
metadata 1.1.0
SensioFrameworkExtraBundle 638f545b7020b9e9d5944a7e3167f60ed848250d
JMSSecurityExtraBundle e752f888c51425f71382c056961f10f2be642102
SensioDistributionBundle 20b66a408084ad8752f98e50f10533f5245310bf
SensioGeneratorBundle b1ccb78c1743f30817b0fce9bb5c6baff6ed7bf8
AsseticBundle v1.0.1
JMSSerializerBundle 6bf2f092449c7104e6d9327de029cc3f5d2e3385
FOSUserBundle 1.2.0
