symfony v2.0.12
twig v1.6.0
monolog 1.0.2
doctrine-common 2.2.1
doctrine-dbal 2.2.1
doctrine 2.2.1
swiftmailer v4.1.5
assetic v1.0.2
twig-extensions 4c831657215e51568fcb31bb9142e827f9a69bd5
metadata 1.1.0
SensioFrameworkExtraBundle 638f545b7020b9e9d5944a7e3167f60ed848250d
JMSSecurityExtraBundle 541a4c242328dc04b99540c75346cc74a7c0cfb5
SensioDistributionBundle 20b66a408084ad8752f98e50f10533f5245310bf
SensioGeneratorBundle b1ccb78c1743f30817b0fce9bb5c6baff6ed7bf8
AsseticBundle v1.0.1
FOSUserBundle b706553b4f7784c56398088a0d050bd92dd6c4ac
FOSTwitterBundle 1.0.0
twitteroauth f05dd67e04ade8d89c3c521a172bf8baebdeaa83
Imagine b7476b2b0a5d74fcac62f1303f0a52ec07249b29
AvalancheImagineBundle caf07d845f8df2b8ba91dec772a24373dddeef85
FOSCommentBundle ba7fedd3fa72a7be9b6aff352db63be39bd0ea05
FOSRest a08b96b01e1ce26a7c43f993bf54aac756c0f6cb
FOSRestBundle 439d423afee1ab9573d314b8990fe5cdf802528e
JMSSerializerBundle 490efa42ec0940b07cb98e7152d7a2374ba747ff
